# DO NOT EDIT MANUALLY - Managed by Fern Replay
version: "1.0"
generations:
  - commit_sha: bdc362fdd9a1393b8441a5fd3a98305bfec9e197
    tree_hash: e566b77b14749cbf0dd35726ce4466d409f98cf1
    timestamp: 2026-05-19T23:18:55.460Z
    cli_version: unknown
    generator_versions: {}
  - commit_sha: e759b34c642d9d0a6486ba8065ec5632c245f246
    tree_hash: cfee3221f27367d9e4a988bf431a84198cb8bcfc
    timestamp: 2026-08-18T19:30:32.967Z
    cli_version: unknown
    generator_versions:
      fernapi/fern-python-sdk: 5.12.1
current_generation: e759b34c642d9d0a6486ba8065ec5632c245f246
patches:
  - id: patch-995f4ec5
    content_hash: sha256:af83f8c7da86d9a436fbab2f81692b3361c9eafaced927f341aabad109f5cd6d
    original_commit: 995f4ec5335e3fd6b602f5d020b27b8a43ef35fd
    original_message: Normalize paths in the request URLs
    original_author: Jay Vercellone <jay.vercellone@workday.com>
    base_generation: bd160bb2890d8d0fe493d40d31cbdc3f834ecf8f
    files:
      - pyproject.toml
      - src/pipedream/core/client_wrapper.py
    patch_content: |
      diff --git a/pyproject.toml b/pyproject.toml
      index 7e5b9a9..46e817e 100644
      --- a/pyproject.toml
      +++ b/pyproject.toml
      @@ -4,7 +4,7 @@ dynamic = ["version"]
       
       [tool.poetry]
       name = "pipedream"
      -version = "2.0.5"
      +version = "2.1.0"
       description = ""
       readme = "README.md"
       authors = []
      diff --git a/src/pipedream/core/client_wrapper.py b/src/pipedream/core/client_wrapper.py
      index f4b8b8a..37972d7 100644
      --- a/src/pipedream/core/client_wrapper.py
      +++ b/src/pipedream/core/client_wrapper.py
      @@ -34,12 +34,12 @@ class BaseClientWrapper:
               import platform
       
               headers: typing.Dict[str, str] = {
      -            "User-Agent": "pipedream/2.0.5",
      +            "User-Agent": "pipedream/2.1.0",
                   "X-Fern-Language": "Python",
                   "X-Fern-Runtime": f"python/{platform.python_version()}",
                   "X-Fern-Platform": f"{platform.system().lower()}/{platform.release()}",
                   "X-Fern-SDK-Name": "pipedream",
      -            "X-Fern-SDK-Version": "2.0.5",
      +            "X-Fern-SDK-Version": "2.1.0",
                   **(self.get_custom_headers() or {}),
               }
               if self._project_environment is not None:
    theirs_snapshot:
      pyproject.toml: |
        [project]
        name = "pipedream"
        dynamic = ["version"]

        [tool.poetry]
        name = "pipedream"
        version = "2.1.0"
        description = ""
        readme = "README.md"
        authors = []
        keywords = []

        classifiers = [
            "Intended Audience :: Developers",
            "Programming Language :: Python",
            "Programming Language :: Python :: 3",
            "Programming Language :: Python :: 3.10",
            "Programming Language :: Python :: 3.11",
            "Programming Language :: Python :: 3.12",
            "Programming Language :: Python :: 3.13",
            "Programming Language :: Python :: 3.14",
            "Programming Language :: Python :: 3.15",
            "Operating System :: OS Independent",
            "Operating System :: POSIX",
            "Operating System :: MacOS",
            "Operating System :: POSIX :: Linux",
            "Operating System :: Microsoft :: Windows",
            "Topic :: Software Development :: Libraries :: Python Modules",
            "Typing :: Typed"
        ]
        packages = [
            { include = "pipedream", from = "src"}
        ]

        [tool.poetry.urls]
        Repository = 'https://github.com/PipedreamHQ/pipedream-sdk-python'

        [tool.poetry.dependencies]
        python = "^3.10"
        aiohttp = { version = ">=3.13.4,<4", optional = true, python = ">=3.9"}
        httpx = ">=0.21.2"
        httpx-aiohttp = { version = "0.1.8", optional = true, python = ">=3.9"}
        pydantic = ">= 1.9.2"
        pydantic-core = ">=2.18.2,<3.0.0"
        typing_extensions = ">= 4.0.0"

        [tool.poetry.group.dev.dependencies]
        mypy = "==1.13.0"
        pytest = "^9.0.3"
        pytest-asyncio = "^1.0.0"
        pytest-xdist = "^3.6.1"
        python-dateutil = "^2.9.0"
        types-python-dateutil = "^2.9.0.20240316"
        urllib3 = ">=2.6.3,<3.0.0"
        ruff = "==0.11.5"

        [tool.pytest.ini_options]
        testpaths = [ "tests" ]
        asyncio_mode = "auto"
        markers = [
            "aiohttp: tests that require httpx_aiohttp to be installed",
        ]

        [tool.mypy]
        plugins = ["pydantic.mypy"]

        [tool.ruff]
        line-length = 120

        [tool.ruff.lint]
        select = [
            "E",  # pycodestyle errors
            "F",  # pyflakes
            "I",  # isort
        ]
        ignore = [
            "E402",  # Module level import not at top of file
            "E501",  # Line too long
            "E711",  # Comparison to `None` should be `cond is not None`
            "E712",  # Avoid equality comparisons to `True`; use `if ...:` checks
            "E721",  # Use `is` and `is not` for type comparisons, or `isinstance()` for insinstance checks
            "E722",  # Do not use bare `except`
            "E731",  # Do not assign a `lambda` expression, use a `def`
            "F821",  # Undefined name
            "F841"   # Local variable ... is assigned to but never used
        ]

        [tool.ruff.lint.isort]
        section-order = ["future", "standard-library", "third-party", "first-party"]

        [build-system]
        requires = ["poetry-core"]
        build-backend = "poetry.core.masonry.api"

        [tool.poetry.extras]
        aiohttp=["aiohttp", "httpx-aiohttp"]
      src/pipedream/core/client_wrapper.py: |
        # This file was auto-generated by Fern from our API Definition.

        import typing

        import httpx
        from ..types.project_environment import ProjectEnvironment
        from .http_client import AsyncHttpClient, HttpClient
        from .logging import LogConfig, Logger


        class BaseClientWrapper:
            def __init__(
                self,
                *,
                project_id: str,
                project_environment: typing.Optional[ProjectEnvironment] = None,
                token: typing.Optional[typing.Union[str, typing.Callable[[], str]]] = None,
                headers: typing.Optional[typing.Dict[str, str]] = None,
                base_url: str,
                timeout: typing.Optional[float] = None,
                max_retries: int = 2,
                logging: typing.Optional[typing.Union[LogConfig, Logger]] = None,
            ):
                self._project_id = project_id
                self._project_environment = project_environment
                self._token = token
                self._headers = headers
                self._base_url = base_url
                self._timeout = timeout
                self._max_retries = max_retries
                self._logging = logging

            def get_headers(self) -> typing.Dict[str, str]:
                import platform

                headers: typing.Dict[str, str] = {
                    "User-Agent": "pipedream/2.1.0",
                    "X-Fern-Language": "Python",
                    "X-Fern-Runtime": f"python/{platform.python_version()}",
                    "X-Fern-Platform": f"{platform.system().lower()}/{platform.release()}",
                    "X-Fern-SDK-Name": "pipedream",
                    "X-Fern-SDK-Version": "2.1.0",
                    **(self.get_custom_headers() or {}),
                }
                if self._project_environment is not None:
                    headers["x-pd-environment"] = str(self._project_environment)
                token = self._get_token()
                if token is not None:
                    headers["Authorization"] = f"Bearer {token}"
                return headers

            def _get_token(self) -> typing.Optional[str]:
                if isinstance(self._token, str) or self._token is None:
                    return self._token
                else:
                    return self._token()

            def get_custom_headers(self) -> typing.Optional[typing.Dict[str, str]]:
                return self._headers

            def get_base_url(self) -> str:
                return self._base_url

            def get_timeout(self) -> typing.Optional[float]:
                return self._timeout

            def get_max_retries(self) -> int:
                return self._max_retries


        class SyncClientWrapper(BaseClientWrapper):
            def __init__(
                self,
                *,
                project_id: str,
                project_environment: typing.Optional[ProjectEnvironment] = None,
                token: typing.Optional[typing.Union[str, typing.Callable[[], str]]] = None,
                headers: typing.Optional[typing.Dict[str, str]] = None,
                base_url: str,
                timeout: typing.Optional[float] = None,
                max_retries: int = 2,
                logging: typing.Optional[typing.Union[LogConfig, Logger]] = None,
                httpx_client: httpx.Client,
            ):
                super().__init__(
                    project_id=project_id,
                    project_environment=project_environment,
                    token=token,
                    headers=headers,
                    base_url=base_url,
                    timeout=timeout,
                    max_retries=max_retries,
                    logging=logging,
                )
                self.httpx_client = HttpClient(
                    httpx_client=httpx_client,
                    base_headers=self.get_headers,
                    base_timeout=self.get_timeout,
                    base_url=self.get_base_url,
                    base_max_retries=self.get_max_retries(),
                    logging_config=self._logging,
                )


        class AsyncClientWrapper(BaseClientWrapper):
            def __init__(
                self,
                *,
                project_id: str,
                project_environment: typing.Optional[ProjectEnvironment] = None,
                token: typing.Optional[typing.Union[str, typing.Callable[[], str]]] = None,
                headers: typing.Optional[typing.Dict[str, str]] = None,
                base_url: str,
                timeout: typing.Optional[float] = None,
                max_retries: int = 2,
                logging: typing.Optional[typing.Union[LogConfig, Logger]] = None,
                async_token: typing.Optional[typing.Callable[[], typing.Awaitable[str]]] = None,
                httpx_client: httpx.AsyncClient,
            ):
                super().__init__(
                    project_id=project_id,
                    project_environment=project_environment,
                    token=token,
                    headers=headers,
                    base_url=base_url,
                    timeout=timeout,
                    max_retries=max_retries,
                    logging=logging,
                )
                self._async_token = async_token
                self.httpx_client = AsyncHttpClient(
                    httpx_client=httpx_client,
                    base_headers=self.get_headers,
                    base_timeout=self.get_timeout,
                    base_url=self.get_base_url,
                    base_max_retries=self.get_max_retries(),
                    async_base_headers=self.async_get_headers,
                    logging_config=self._logging,
                )

            async def async_get_headers(self) -> typing.Dict[str, str]:
                headers = self.get_headers()
                if self._async_token is not None:
                    token = await self._async_token()
                    headers["Authorization"] = f"Bearer {token}"
                return headers
    status: unresolved
