# DO NOT EDIT MANUALLY - Managed by Fern Replay
version: "1.0"
generations:
  - commit_sha: bdc362fdd9a1393b8441a5fd3a98305bfec9e197
    tree_hash: e566b77b14749cbf0dd35726ce4466d409f98cf1
    timestamp: 2026-05-19T23:18:55.460Z
    cli_version: unknown
    generator_versions: {}
current_generation: bdc362fdd9a1393b8441a5fd3a98305bfec9e197
patches: []
